
Microsoft Visual Studio Solution File, Format Version 12.00
# 
Project("{FAE04EC0-301F-11D3-BF4B-00C04F79EFBC}") = "OLA1-SofQuality", "OLA1-SofQuality.csproj", "{C2392D1C-C5A1-465B-B34F-4CA613FBB35C}"
EndProject
Project("{2150E333-8FDC-42A3-9474-1A3956D46DE8}") = "test", "test", "{CACB3386-A931-4F02-B0B7-DABCF7DBC22D}"
EndProject
Project("{FAE04EC0-301F-11D3-BF4B-00C04F79EFBC}") = "OLA1-SofQuality.test", "test\OLA1-SofQuality.test\OLA1-SofQuality.test.csproj", "{BBF4F927-7DFC-4FF9-AEC0-769F1A5F975B}"
EndProject
Global
	GlobalSection(SolutionConfigurationPlatforms) = preSolution
		Debug|Any CPU = Debug|Any CPU
		Release|Any CPU = Release|Any CPU
	EndGlobalSection
	GlobalSection(ProjectConfigurationPlatforms) = postSolution
		{C2392D1C-C5A1-465B-B34F-4CA613FBB35C}.Debug|Any CPU.ActiveCfg = Debug|Any CPU
		{C2392D1C-C5A1-465B-B34F-4CA613FBB35C}.Debug|Any CPU.Build.0 = Debug|Any CPU
		{C2392D1C-C5A1-465B-B34F-4CA613FBB35C}.Release|Any CPU.ActiveCfg = Release|Any CPU
		{C2392D1C-C5A1-465B-B34F-4CA613FBB35C}.Release|Any CPU.Build.0 = Release|Any CPU
		{BBF4F927-7DFC-4FF9-AEC0-769F1A5F975B}.Debug|Any CPU.ActiveCfg = Debug|Any CPU
		{BBF4F927-7DFC-4FF9-AEC0-769F1A5F975B}.Debug|Any CPU.Build.0 = Debug|Any CPU
		{BBF4F927-7DFC-4FF9-AEC0-769F1A5F975B}.Release|Any CPU.ActiveCfg = Release|Any CPU
		{BBF4F927-7DFC-4FF9-AEC0-769F1A5F975B}.Release|Any CPU.Build.0 = Release|Any CPU
	EndGlobalSection
	GlobalSection(NestedProjects) = preSolution
		{BBF4F927-7DFC-4FF9-AEC0-769F1A5F975B} = {CACB3386-A931-4F02-B0B7-DABCF7DBC22D}
	EndGlobalSection
EndGlobal
